// !$*UTF8*$!
{
	archiveVersion = 1;
	classes = {
	};
	objectVersion = 50;
	objects = {

/* Begin PBXBuildFile section */
		D122F23320F2A2D4002B6032 /* AppDelegate.swift in Sources */ = {isa = PBXBuildFile; fileRef = D122F23220F2A2D4002B6032 /* AppDelegate.swift */; };
		D122F23520F2A2D4002B6032 /* ViewController.swift in Sources */ = {isa = PBXBuildFile; fileRef = D122F23420F2A2D4002B6032 /* ViewController.swift */; };
		D122F23820F2A2D4002B6032 /* Main.storyboard in Resources */ = {isa = PBXBuildFile; fileRef = D122F23620F2A2D4002B6032 /* Main.storyboard */; };
		D122F23A20F2A2D5002B6032 /* Assets.xcassets in Resources */ = {isa = PBXBuildFile; fileRef = D122F23920F2A2D5002B6032 /* Assets.xcassets */; };
		D122F23D20F2A2D5002B6032 /* LaunchScreen.storyboard in Resources */ = {isa = PBXBuildFile; fileRef = D122F23B20F2A2D5002B6032 /* LaunchScreen.storyboard */; };
		D122F24820F2A2D5002B6032 /* DiceAppTests.swift in Sources */ = {isa = PBXBuildFile; fileRef = D122F24720F2A2D5002B6032 /* DiceAppTests.swift */; };
/* End PBXBuildFile section */

/* Begin PBXContainerItemProxy section */
		D122F24420F2A2D5002B6032 /* PBXContainerItemProxy */ = {
			isa = PBXContainerItemProxy;
			containerPortal = D122F22720F2A2D4002B6032 /* Project object */;
			proxyType = 1;
			remoteGlobalIDString = D122F22E20F2A2D4002B6032;
			remoteInfo = DiceApp;
		};
/* End PBXContainerItemProxy section */

/* Begin PBXFileReference section */
		D122F22F20F2A2D4002B6032 /* DiceApp.app */ = {isa = PBXFileReference; explicitFileType = wrapper.application; includeInIndex = 0; path = DiceApp.app; sourceTree = BUILT_PRODUCTS_DIR; };
		D122F23220F2A2D4002B6032 /* AppDelegate.swift */ = {isa = PBXFileReference; lastKnownFileType = sourcecode.swift; path = AppDelegate.swift; sourceTree = "<group>"; };
		D122F23420F2A2D4002B6032 /* ViewController.swift */ = {isa = PBXFileReference; lastKnownFileType = sourcecode.swift; path = ViewController.swift; sourceTree = "<group>"; };
		D122F23720F2A2D4002B6032 /* Base */ = {isa = PBXFileReference; lastKnownFileType = file.storyboard; name = Base; path = Base.lproj/Main.storyboard; sourceTree = "<group>"; };
		D122F23920F2A2D5002B6032 /* Assets.xcassets */ = {isa = PBXFileReference; lastKnownFileType = folder.assetcatalog; path = Assets.xcassets; sourceTree = "<group>"; };
		D122F23C20F2A2D5002B6032 /* Base */ = {isa = PBXFileReference; lastKnownFileType = file.storyboard; name = Base; path = Base.lproj/LaunchScreen.storyboard; sourceTree = "<group>"; };
		D122F23E20F2A2D5002B6032 /* Info.plist */ = {isa = PBXFileReference; lastKnownFileType = text.plist.xml; path = Info.plist; sourceTree = "<group>"; };
		D122F24320F2A2D5002B6032 /* DiceAppTests.xctest */ = {isa = PBXFileReference; explicitFileType = wrapper.cfbundle; includeInIndex = 0; path = DiceAppTests.xctest; sourceTree = BUILT_PRODUCTS_DIR; };
		D122F24720F2A2D5002B6032 /* DiceAppTests.swift */ = {isa = PBXFileReference; lastKnownFileType = sourcecode.swift; path = DiceAppTests.swift; sourceTree = "<group>"; };
		D122F24920F2A2D5002B6032 /* Info.plist */ = {isa = PBXFileReference; lastKnownFileType = text.plist.xml; path = Info.plist; sourceTree = "<group>"; };
/* End PBXFileReference section */

/* Begin PBXFrameworksBuildPhase section */
		D122F22C20F2A2D4002B6032 /* Frameworks */ = {
			isa = PBXFrameworksBuildPhase;
			buildActionMask = 2147483647;
			files = (
			);
			runOnlyForDeploymentPostprocessing = 0;
		};
		D122F24020F2A2D5002B6032 /* Frameworks */ = {
			isa = PBXFrameworksBuildPhase;
			buildActionMask = 2147483647;
			files = (
			);
			runOnlyForDeploymentPostprocessing = 0;
		};
/* End PBXFrameworksBuildPhase section */

/* Begin PBXGroup section */
		D122F22620F2A2D4002B6032 = {
			isa = PBXGroup;
			children = (
				D122F23120F2A2D4002B6032 /* DiceApp */,
				D122F24620F2A2D5002B6032 /* DiceAppTests */,
				D122F23020F2A2D4002B6032 /* Products */,
			);
			sourceTree = "<group>";
		};
		D122F23020F2A2D4002B6032 /* Products */ = {
			isa = PBXGroup;
			children = (
				D122F22F20F2A2D4002B6032 /* DiceApp.app */,
				D122F24320F2A2D5002B6032 /* DiceAppTests.xctest */,
			);
			name = Products;
			sourceTree = "<group>";
		};
		D122F23120F2A2D4002B6032 /* DiceApp */ = {
			isa = PBXGroup;
			children = (
				D122F23220F2A2D4002B6032 /* AppDelegate.swift */,
				D122F23420F2A2D4002B6032 /* ViewController.swift */,
				D122F23620F2A2D4002B6032 /* Main.storyboard */,
				D122F23920F2A2D5002B6032 /* Assets.xcassets */,
				D122F23B20F2A2D5002B6032 /* LaunchScreen.storyboard */,
				D122F23E20F2A2D5002B6032 /* Info.plist */,
			);
			path = DiceApp;
			sourceTree = "<group>";
		};
		D122F24620F2A2D5002B6032 /* DiceAppTests */ = {
			isa = PBXGroup;
			children = (
				D122F24720F2A2D5002B6032 /* DiceAppTests.swift */,
				D122F24920F2A2D5002B6032 /* Info.plist */,
			);
			path = DiceAppTests;
			sourceTree = "<group>";
		};
/* End PBXGroup section */

/* Begin PBXNativeTarget section */
		D122F22E20F2A2D4002B6032 /* DiceApp */ = {
			isa = PBXNativeTarget;
			buildConfigurationList = D122F24C20F2A2D5002B6032 /* Build configuration list for PBXNativeTarget "DiceApp" */;
			buildPhases = (
				D122F22B20F2A2D4002B6032 /* Sources */,
				D122F22C20F2A2D4002B6032 /* Frameworks */,
				D122F22D20F2A2D4002B6032 /* Resources */,
			);
			buildRules = (
			);
			dependencies = (
			);
			name = DiceApp;
			productName = DiceApp;
			productReference = D122F22F20F2A2D4002B6032 /* DiceApp.app */;
			productType = "com.apple.product-type.application";
		};
		D122F24220F2A2D5002B6032 /* DiceAppTests */ = {
			isa = PBXNativeTarget;
			buildConfigurationList = D122F24F20F2A2D5002B6032 /* Build configuration list for PBXNativeTarget "DiceAppTests" */;
			buildPhases = (
				D122F23F20F2A2D5002B6032 /* Sources */,
				D122F24020F2A2D5002B6032 /* Frameworks */,
				D122F24120F2A2D5002B6032 /* Resources */,
			);
			buildRules = (
			);
			dependencies = (
				D122F24520F2A2D5002B6032 /* PBXTargetDependency */,
			);
			name = DiceAppTests;
			productName = DiceAppTests;
			productReference = D122F24320F2A2D5002B6032 /* DiceAppTests.xctest */;
			productType = "com.apple.product-type.bundle.unit-test";
		};
/* End PBXNativeTarget section */

/* Begin PBXProject section */
		D122F22720F2A2D4002B6032 /* Project object */ = {
			isa = PBXProject;
			attributes = {
				LastSwiftUpdateCheck = 0940;
				LastUpgradeCheck = 0940;
				ORGANIZATIONNAME = "Manali Rami";
				TargetAttributes = {
					D122F22E20F2A2D4002B6032 = {
						CreatedOnToolsVersion = 9.4.1;
					};
					D122F24220F2A2D5002B6032 = {
						CreatedOnToolsVersion = 9.4.1;
						TestTargetID = D122F22E20F2A2D4002B6032;
					};
				};
			};
			buildConfigurationList = D122F22A20F2A2D4002B6032 /* Build configuration list for PBXProject "DiceApp" */;
			compatibilityVersion = "Xcode 9.3";
			developmentRegion = en;
			hasScannedForEncodings = 0;
			knownRegions = (
				en,
				Base,
			);
			mainGroup = D122F22620F2A2D4002B6032;
			productRefGroup = D122F23020F2A2D4002B6032 /* Products */;
			projectDirPath = "";
			projectRoot = "";
			targets = (
				D122F22E20F2A2D4002B6032 /* DiceApp */,
				D122F24220F2A2D5002B6032 /* DiceAppTests */,
			);
		};
/* End PBXProject section */

/* Begin PBXResourcesBuildPhase section */
		D122F22D20F2A2D4002B6032 /* Resources */ = {
			isa = PBXResourcesBuildPhase;
			buildActionMask = 2147483647;
			files = (
				D122F23D20F2A2D5002B6032 /* LaunchScreen.storyboard in Resources */,
				D122F23A20F2A2D5002B6032 /* Assets.xcassets in Resources */,
				D122F23820F2A2D4002B6032 /* Main.storyboard in Resources */,
			);
			runOnlyForDeploymentPostprocessing = 0;
		};
		D122F24120F2A2D5002B6032 /* Resources */ = {
			isa = PBXResourcesBuildPhase;
			buildActionMask = 2147483647;
			files = (
			);
			runOnlyForDeploymentPostprocessing = 0;
		};
/* End PBXResourcesBuildPhase section */

/* Begin PBXSourcesBuildPhase section */
		D122F22B20F2A2D4002B6032 /* Sources */ = {
			isa = PBXSourcesBuildPhase;
			buildActionMask = 2147483647;
			files = (
				D122F23520F2A2D4002B6032 /* ViewController.swift in Sources */,
				D122F23320F2A2D4002B6032 /* AppDelegate.swift in Sources */,
			);
			runOnlyForDeploymentPostprocessing = 0;
		};
		D122F23F20F2A2D5002B6032 /* Sources */ = {
			isa = PBXSourcesBuildPhase;
			buildActionMask = 2147483647;
			files = (
				D122F24820F2A2D5002B6032 /* DiceAppTests.swift in Sources */,
			);
			runOnlyForDeploymentPostprocessing = 0;
		};
/* End PBXSourcesBuildPhase section */

/* Begin PBXTargetDependency section */
		D122F24520F2A2D5002B6032 /* PBXTargetDependency */ = {
			isa = PBXTargetDependency;
			target = D122F22E20F2A2D4002B6032 /* DiceApp */;
			targetProxy = D122F24420F2A2D5002B6032 /* PBXContainerItemProxy */;
		};
/* End PBXTargetDependency section */

/* Begin PBXVariantGroup section */
		D122F23620F2A2D4002B6032 /* Main.storyboard */ = {
			isa = PBXVariantGroup;
			children = (
				D122F23720F2A2D4002B6032 /* Base */,
			);
			name = Main.storyboard;
			sourceTree = "<group>";
		};
		D122F23B20F2A2D5002B6032 /* LaunchScreen.storyboard */ = {
			isa = PBXVariantGroup;
			children = (
				D122F23C20F2A2D5002B6032 /* Base */,
			);
			name = LaunchScreen.storyboard;
			sourceTree = "<group>";
		};
/* End PBXVariantGroup section */

/* Begin XCBuildConfiguration section */
		D122F24A20F2A2D5002B6032 /* Debug */ = {
			isa = XCBuildConfiguration;
			buildSettings = {
				ALWAYS_SEARCH_USER_PATHS = NO;
				CLANG_ANALYZER_NONNULL = YES;
				CLANG_ANALYZER_NUMBER_OBJECT_CONVERSION = YES_AGGRESSIVE;
				CLANG_CXX_LANGUAGE_STANDARD = "gnu++14";
				CLANG_CXX_LIBRARY = "libc++";
				CLANG_ENABLE_MODULES = YES;
				CLANG_ENABLE_OBJC_ARC = YES;
				CLANG_ENABLE_OBJC_WEAK = YES;
				CLANG_WARN_BLOCK_CAPTURE_AUTORELEASING = YES;
				CLANG_WARN_BOOL_CONVERSION = YES;
				CLANG_WARN_COMMA = YES;
				CLANG_WARN_CONSTANT_CONVERSION = YES;
				CLANG_WARN_DEPRECATED_OBJC_IMPLEMENTATIONS = YES;
				CLANG_WARN_DIRECT_OBJC_ISA_USAGE = YES_ERROR;
				CLANG_WARN_DOCUMENTATION_COMMENTS = YES;
				CLANG_WARN_EMPTY_BODY = YES;
				CLANG_WARN_ENUM_CONVERSION = YES;
				CLANG_WARN_INFINITE_RECURSION = YES;
				CLANG_WARN_INT_CONVERSION = YES;
				CLANG_WARN_NON_LITERAL_NULL_CONVERSION = YES;
				CLANG_WARN_OBJC_IMPLICIT_RETAIN_SELF = YES;
				CLANG_WARN_OBJC_LITERAL_CONVERSION = YES;
				CLANG_WARN_OBJC_ROOT_CLASS = YES_ERROR;
				CLANG_WARN_RANGE_LOOP_ANALYSIS = YES;
				CLANG_WARN_STRICT_PROTOTYPES = YES;
				CLANG_WARN_SUSPICIOUS_MOVE = YES;
				CLANG_WARN_UNGUARDED_AVAILABILITY = YES_AGGRESSIVE;
				CLANG_WARN_UNREACHABLE_CODE = YES;
				CLANG_WARN__DUPLICATE_METHOD_MATCH = YES;
				CODE_SIGN_IDENTITY = "iPhone Developer";
				COPY_PHASE_STRIP = NO;
				DEBUG_INFORMATION_FORMAT = dwarf;
				ENABLE_STRICT_OBJC_MSGSEND = YES;
				ENABLE_TESTABILITY = YES;
				GCC_C_LANGUAGE_STANDARD = gnu11;
				GCC_DYNAMIC_NO_PIC = NO;
				GCC_NO_COMMON_BLOCKS = YES;
				GCC_OPTIMIZATION_LEVEL = 0;
				GCC_PREPROCESSOR_DEFINITIONS = (
					"DEBUG=1",
					"$(inherited)",
				);
				GCC_WARN_64_TO_32_BIT_CONVERSION = YES;
				GCC_WARN_ABOUT_RETURN_TYPE = YES_ERROR;
				GCC_WARN_UNDECLARED_SELECTOR = YES;
				GCC_WARN_UNINITIALIZED_AUTOS = YES_AGGRESSIVE;
				GCC_WARN_UNUSED_FUNCTION = YES;
				GCC_WARN_UNUSED_VARIABLE = YES;
				IPHONEOS_DEPLOYMENT_TARGET = 11.4;
				MTL_ENABLE_DEBUG_INFO = YES;
				ONLY_ACTIVE_ARCH = YES;
				SDKROOT = iphoneos;
				SWIFT_ACTIVE_COMPILATION_CONDITIONS = DEBUG;
				SWIFT_OPTIMIZATION_LEVEL = "-Onone";
			};
			name = Debug;
		};
		D122F24B20F2A2D5002B6032 /* Release */ = {
			isa = XCBuildConfiguration;
			buildSettings = {
				ALWAYS_SEARCH_USER_PATHS = NO;
				CLANG_ANALYZER_NONNULL = YES;
				CLANG_ANALYZER_NUMBER_OBJECT_CONVERSION = YES_AGGRESSIVE;
				CLANG_CXX_LANGUAGE_STANDARD = "gnu++14";
				CLANG_CXX_LIBRARY = "libc++";
				CLANG_ENABLE_MODULES = YES;
				CLANG_ENABLE_OBJC_ARC = YES;
				CLANG_ENABLE_OBJC_WEAK = YES;
				CLANG_WARN_BLOCK_CAPTURE_AUTORELEASING = YES;
				CLANG_WARN_BOOL_CONVERSION = YES;
				CLANG_WARN_COMMA = YES;
				CLANG_WARN_CONSTANT_CONVERSION = YES;
				CLANG_WARN_DEPRECATED_OBJC_IMPLEMENTATIONS = YES;
				CLANG_WARN_DIRECT_OBJC_ISA_USAGE = YES_ERROR;
				CLANG_WARN_DOCUMENTATION_COMMENTS = YES;
				CLANG_WARN_EMPTY_BODY = YES;
				CLANG_WARN_ENUM_CONVERSION = YES;
				CLANG_WARN_INFINITE_RECURSION = YES;
				CLANG_WARN_INT_CONVERSION = YES;
				CLANG_WARN_NON_LITERAL_NULL_CONVERSION = YES;
				CLANG_WARN_OBJC_IMPLICIT_RETAIN_SELF = YES;
				CLANG_WARN_OBJC_LITERAL_CONVERSION = YES;
				CLANG_WARN_OBJC_ROOT_CLASS = YES_ERROR;
				CLANG_WARN_RANGE_LOOP_ANALYSIS = YES;
				CLANG_WARN_STRICT_PROTOTYPES = YES;
				CLANG_WARN_SUSPICIOUS_MOVE = YES;
				CLANG_WARN_UNGUARDED_AVAILABILITY = YES_AGGRESSIVE;
				CLANG_WARN_UNREACHABLE_CODE = YES;
				CLANG_WARN__DUPLICATE_METHOD_MATCH = YES;
				CODE_SIGN_IDENTITY = "iPhone Developer";
				COPY_PHASE_STRIP = NO;
				DEBUG_INFORMATION_FORMAT = "dwarf-with-dsym";
				ENABLE_NS_ASSERTIONS = NO;
				ENABLE_STRICT_OBJC_MSGSEND = YES;
				GCC_C_LANGUAGE_STANDARD = gnu11;
				GCC_NO_COMMON_BLOCKS = YES;
				GCC_WARN_64_TO_32_BIT_CONVERSION = YES;
				GCC_WARN_ABOUT_RETURN_TYPE = YES_ERROR;
				GCC_WARN_UNDECLARED_SELECTOR = YES;
				GCC_WARN_UNINITIALIZED_AUTOS = YES_AGGRESSIVE;
				GCC_WARN_UNUSED_FUNCTION = YES;
				GCC_WARN_UNUSED_VARIABLE = YES;
				IPHONEOS_DEPLOYMENT_TARGET = 11.4;
				MTL_ENABLE_DEBUG_INFO = NO;
				SDKROOT = iphoneos;
				SWIFT_COMPILATION_MODE = wholemodule;
				SWIFT_OPTIMIZATION_LEVEL = "-O";
				VALIDATE_PRODUCT = YES;
			};
			name = Release;
		};
		D122F24D20F2A2D5002B6032 /* Debug */ = {
			isa = XCBuildConfiguration;
			buildSettings = {
				ASSETCATALOG_COMPILER_APPICON_NAME = AppIcon;
				CODE_SIGN_STYLE = Automatic;
				DEVELOPMENT_TEAM = QG3P4F8565;
				INFOPLIST_FILE = DiceApp/Info.plist;
				LD_RUNPATH_SEARCH_PATHS = (
					"$(inherited)",
					"@executable_path/Frameworks",
				);
				PRODUCT_BUNDLE_IDENTIFIER = Manali.com.DiceApp;
				PRODUCT_NAME = "$(TARGET_NAME)";
				SWIFT_VERSION = 4.0;
				TARGETED_DEVICE_FAMILY = "1,2";
			};
			name = Debug;
		};
		D122F24E20F2A2D5002B6032 /* Release */ = {
			isa = XCBuildConfiguration;
			buildSettings = {
				ASSETCATALOG_COMPILER_APPICON_NAME = AppIcon;
				CODE_SIGN_STYLE = Automatic;
				DEVELOPMENT_TEAM = QG3P4F8565;
				INFOPLIST_FILE = DiceApp/Info.plist;
				LD_RUNPATH_SEARCH_PATHS = (
					"$(inherited)",
					"@executable_path/Frameworks",
				);
				PRODUCT_BUNDLE_IDENTIFIER = Manali.com.DiceApp;
				PRODUCT_NAME = "$(TARGET_NAME)";
				SWIFT_VERSION = 4.0;
				TARGETED_DEVICE_FAMILY = "1,2";
			};
			name = Release;
		};
		D122F25020F2A2D5002B6032 /* Debug */ = {
			isa = XCBuildConfiguration;
			buildSettings = {
				ALWAYS_EMBED_SWIFT_STANDARD_LIBRARIES = YES;
				BUNDLE_LOADER = "$(TEST_HOST)";
				CODE_SIGN_STYLE = Automatic;
				DEVELOPMENT_TEAM = QG3P4F8565;
				INFOPLIST_FILE = DiceAppTests/Info.plist;
				LD_RUNPATH_SEARCH_PATHS = (
					"$(inherited)",
					"@executable_path/Frameworks",
					"@loader_path/Frameworks",
				);
				PRODUCT_BUNDLE_IDENTIFIER = Manali.com.DiceAppTests;
				PRODUCT_NAME = "$(TARGET_NAME)";
				SWIFT_VERSION = 4.0;
				TARGETED_DEVICE_FAMILY = "1,2";
				TEST_HOST = "$(BUILT_PRODUCTS_DIR)/DiceApp.app/DiceApp";
			};
			name = Debug;
		};
		D122F25120F2A2D5002B6032 /* Release */ = {
			isa = XCBuildConfiguration;
			buildSettings = {
				ALWAYS_EMBED_SWIFT_STANDARD_LIBRARIES = YES;
				BUNDLE_LOADER = "$(TEST_HOST)";
				CODE_SIGN_STYLE = Automatic;
				DEVELOPMENT_TEAM = QG3P4F8565;
				INFOPLIST_FILE = DiceAppTests/Info.plist;
				LD_RUNPATH_SEARCH_PATHS = (
					"$(inherited)",
					"@executable_path/Frameworks",
					"@loader_path/Frameworks",
				);
				PRODUCT_BUNDLE_IDENTIFIER = Manali.com.DiceAppTests;
				PRODUCT_NAME = "$(TARGET_NAME)";
				SWIFT_VERSION = 4.0;
				TARGETED_DEVICE_FAMILY = "1,2";
				TEST_HOST = "$(BUILT_PRODUCTS_DIR)/DiceApp.app/DiceApp";
			};
			name = Release;
		};
/* End XCBuildConfiguration section */

/* Begin XCConfigurationList section */
		D122F22A20F2A2D4002B6032 /* Build configuration list for PBXProject "DiceApp" */ = {
			isa = XCConfigurationList;
			buildConfigurations = (
				D122F24A20F2A2D5002B6032 /* Debug */,
				D122F24B20F2A2D5002B6032 /* Release */,
			);
			defaultConfigurationIsVisible = 0;
			defaultConfigurationName = Release;
		};
		D122F24C20F2A2D5002B6032 /* Build configuration list for PBXNativeTarget "DiceApp" */ = {
			isa = XCConfigurationList;
			buildConfigurations = (
				D122F24D20F2A2D5002B6032 /* Debug */,
				D122F24E20F2A2D5002B6032 /* Release */,
			);
			defaultConfigurationIsVisible = 0;
			defaultConfigurationName = Release;
		};
		D122F24F20F2A2D5002B6032 /* Build configuration list for PBXNativeTarget "DiceAppTests" */ = {
			isa = XCConfigurationList;
			buildConfigurations = (
				D122F25020F2A2D5002B6032 /* Debug */,
				D122F25120F2A2D5002B6032 /* Release */,
			);
			defaultConfigurationIsVisible = 0;
			defaultConfigurationName = Release;
		};
/* End XCConfigurationList section */
	};
	rootObject = D122F22720F2A2D4002B6032 /* Project object */;
}
